
Microsoft Visual Studio Solution File, Format Version 12.00
# Visual Studio 15
VisualStudioVersion = 15.0.26730.16
MinimumVisualStudioVersion = 10.0.40219.1
Project("{FAE04EC0-301F-11D3-BF4B-00C04F79EFBC}") = "Immutability", "Immutability\Immutability.csproj", "{89FBB384-70AD-4D7B-AE49-9836068D30B5}"
EndProject
Project("{FAE04EC0-301F-11D3-BF4B-00C04F79EFBC}") = "Immutability.Tests", "Immutability.Tests\Immutability.Tests.csproj", "{7CAC65EF-13BE-4E6A-866D-39AD663773D6}"
EndProject
Global
	GlobalSection(SolutionConfigurationPlatforms) = preSolution
		Debug|Any CPU = Debug|Any CPU
		Release|Any CPU = Release|Any CPU
	EndGlobalSection
	GlobalSection(ProjectConfigurationPlatforms) = postSolution
		{89FBB384-70AD-4D7B-AE49-9836068D30B5}.Debug|Any CPU.ActiveCfg = Debug|Any CPU
		{89FBB384-70AD-4D7B-AE49-9836068D30B5}.Debug|Any CPU.Build.0 = Debug|Any CPU
		{89FBB384-70AD-4D7B-AE49-9836068D30B5}.Release|Any CPU.ActiveCfg = Release|Any CPU
		{89FBB384-70AD-4D7B-AE49-9836068D30B5}.Release|Any CPU.Build.0 = Release|Any CPU
		{7CAC65EF-13BE-4E6A-866D-39AD663773D6}.Debug|Any CPU.ActiveCfg = Debug|Any CPU
		{7CAC65EF-13BE-4E6A-866D-39AD663773D6}.Debug|Any CPU.Build.0 = Debug|Any CPU
		{7CAC65EF-13BE-4E6A-866D-39AD663773D6}.Release|Any CPU.ActiveCfg = Release|Any CPU
		{7CAC65EF-13BE-4E6A-866D-39AD663773D6}.Release|Any CPU.Build.0 = Release|Any CPU
	EndGlobalSection
	GlobalSection(SolutionProperties) = preSolution
		HideSolutionNode = FALSE
	EndGlobalSection
	GlobalSection(ExtensibilityGlobals) = postSolution
		SolutionGuid = {5A0D491A-12CB-454E-8C0D-4E70F4CFB989}
	EndGlobalSection
EndGlobal
